// !$*UTF8*$!
{
	archiveVersion = 1;
	classes = {
	};
	objectVersion = 56;
	objects = {

/* Begin PBXBuildFile section */
		A10000000000000000000001 /* iPadMirrorPadApp.swift in Sources */ = {isa = PBXBuildFile; fileRef = A20000000000000000000001 /* iPadMirrorPadApp.swift */; };
		A10000000000000000000002 /* ContentView.swift in Sources */ = {isa = PBXBuildFile; fileRef = A20000000000000000000002 /* ContentView.swift */; };
		A10000000000000000000003 /* BonjourAdvertiser.swift in Sources */ = {isa = PBXBuildFile; fileRef = A20000000000000000000003 /* BonjourAdvertiser.swift */; };
		A10000000000000000000004 /* FrameSender.swift in Sources */ = {isa = PBXBuildFile; fileRef = A20000000000000000000004 /* FrameSender.swift */; };
		A10000000000000000000005 /* BroadcastPickerButton.swift in Sources */ = {isa = PBXBuildFile; fileRef = A20000000000000000000007 /* BroadcastPickerButton.swift */; };
		A10000000000000000000006 /* SampleHandler.swift in Sources */ = {isa = PBXBuildFile; fileRef = A20000000000000000000008 /* SampleHandler.swift */; };
		A10000000000000000000007 /* BroadcastFrameServer.swift in Sources */ = {isa = PBXBuildFile; fileRef = A20000000000000000000009 /* BroadcastFrameServer.swift */; };
		A10000000000000000000008 /* iPadMirrorBroadcastExtension.appex in Embed App Extensions */ = {isa = PBXBuildFile; fileRef = A20000000000000000000010 /* iPadMirrorBroadcastExtension.appex */; settings = {ATTRIBUTES = (RemoveHeadersOnCopy, ); }; };
		A10000000000000000000009 /* BroadcastControllerModel.swift in Sources */ = {isa = PBXBuildFile; fileRef = A20000000000000000000012 /* BroadcastControllerModel.swift */; };
		A10000000000000000000010 /* BroadcastSharedSettings.swift in Sources */ = {isa = PBXBuildFile; fileRef = A20000000000000000000013 /* BroadcastSharedSettings.swift */; };
		A10000000000000000000011 /* BroadcastSharedSettings.swift in Sources */ = {isa = PBXBuildFile; fileRef = A20000000000000000000013 /* BroadcastSharedSettings.swift */; };
		A10000000000000000000012 /* Assets.xcassets in Resources */ = {isa = PBXBuildFile; fileRef = A20000000000000000000016 /* Assets.xcassets */; };
		A10000000000000000000017 /* PrivacyInfo.xcprivacy in Resources */ = {isa = PBXBuildFile; fileRef = A20000000000000000000021 /* PrivacyInfo.xcprivacy */; };
		A10000000000000000000013 /* UsageAccessManager.swift in Sources */ = {isa = PBXBuildFile; fileRef = A20000000000000000000017 /* UsageAccessManager.swift */; };
		A10000000000000000000014 /* MonitorTheme.swift in Sources */ = {isa = PBXBuildFile; fileRef = A20000000000000000000018 /* MonitorTheme.swift */; };
		A10000000000000000000015 /* MonitorChrome.swift in Sources */ = {isa = PBXBuildFile; fileRef = A20000000000000000000019 /* MonitorChrome.swift */; };
		A10000000000000000000016 /* StoreLinks.swift in Sources */ = {isa = PBXBuildFile; fileRef = A20000000000000000000020 /* StoreLinks.swift */; };
		A10000000000000000000018 /* MonetizationConfig.swift in Sources */ = {isa = PBXBuildFile; fileRef = A20000000000000000000022 /* MonetizationConfig.swift */; };
		A10000000000000000000019 /* StorePurchaseManager.swift in Sources */ = {isa = PBXBuildFile; fileRef = A20000000000000000000023 /* StorePurchaseManager.swift */; };
		A10000000000000000000020 /* AdRewardController.swift in Sources */ = {isa = PBXBuildFile; fileRef = A20000000000000000000024 /* AdRewardController.swift */; };
		A10000000000000000000021 /* BannerAdView.swift in Sources */ = {isa = PBXBuildFile; fileRef = A20000000000000000000025 /* BannerAdView.swift */; };
		A10000000000000000000022 /* GoogleMobileAds in Frameworks */ = {isa = PBXBuildFile; productRef = B20000000000000000000001 /* GoogleMobileAds */; };
		A10000000000000000000023 /* Products.storekit in Resources */ = {isa = PBXBuildFile; fileRef = A20000000000000000000026 /* Products.storekit */; };
/* End PBXBuildFile section */

/* Begin PBXFileReference section */
		A20000000000000000000001 /* iPadMirrorPadApp.swift */ = {isa = PBXFileReference; lastKnownFileType = sourcecode.swift; path = iPadMirrorPadApp.swift; sourceTree = "<group>"; };
		A20000000000000000000002 /* ContentView.swift */ = {isa = PBXFileReference; lastKnownFileType = sourcecode.swift; path = ContentView.swift; sourceTree = "<group>"; };
		A20000000000000000000003 /* BonjourAdvertiser.swift */ = {isa = PBXFileReference; lastKnownFileType = sourcecode.swift; path = BonjourAdvertiser.swift; sourceTree = "<group>"; };
		A20000000000000000000004 /* FrameSender.swift */ = {isa = PBXFileReference; lastKnownFileType = sourcecode.swift; path = FrameSender.swift; sourceTree = "<group>"; };
		A20000000000000000000005 /* Info.plist */ = {isa = PBXFileReference; lastKnownFileType = text.plist.xml; path = Info.plist; sourceTree = "<group>"; };
		A20000000000000000000006 /* iPadMirrorPad.app */ = {isa = PBXFileReference; explicitFileType = wrapper.application; includeInIndex = 0; path = iPadMirrorPad.app; sourceTree = BUILT_PRODUCTS_DIR; };
		A20000000000000000000007 /* BroadcastPickerButton.swift */ = {isa = PBXFileReference; lastKnownFileType = sourcecode.swift; path = BroadcastPickerButton.swift; sourceTree = "<group>"; };
		A20000000000000000000008 /* SampleHandler.swift */ = {isa = PBXFileReference; lastKnownFileType = sourcecode.swift; path = SampleHandler.swift; sourceTree = "<group>"; };
		A20000000000000000000009 /* BroadcastFrameServer.swift */ = {isa = PBXFileReference; lastKnownFileType = sourcecode.swift; path = BroadcastFrameServer.swift; sourceTree = "<group>"; };
		A20000000000000000000010 /* iPadMirrorBroadcastExtension.appex */ = {isa = PBXFileReference; explicitFileType = "wrapper.app-extension"; includeInIndex = 0; path = iPadMirrorBroadcastExtension.appex; sourceTree = BUILT_PRODUCTS_DIR; };
		A20000000000000000000011 /* Info.plist */ = {isa = PBXFileReference; lastKnownFileType = text.plist.xml; path = Info.plist; sourceTree = "<group>"; };
		A20000000000000000000012 /* BroadcastControllerModel.swift */ = {isa = PBXFileReference; lastKnownFileType = sourcecode.swift; path = BroadcastControllerModel.swift; sourceTree = "<group>"; };
		A20000000000000000000013 /* BroadcastSharedSettings.swift */ = {isa = PBXFileReference; lastKnownFileType = sourcecode.swift; path = BroadcastSharedSettings.swift; sourceTree = "<group>"; };
		A20000000000000000000014 /* iPadMirrorPad.entitlements */ = {isa = PBXFileReference; lastKnownFileType = text.plist.entitlements; path = iPadMirrorPad.entitlements; sourceTree = "<group>"; };
		A20000000000000000000015 /* iPadMirrorBroadcastExtension.entitlements */ = {isa = PBXFileReference; lastKnownFileType = text.plist.entitlements; path = iPadMirrorBroadcastExtension.entitlements; sourceTree = "<group>"; };
		A20000000000000000000016 /* Assets.xcassets */ = {isa = PBXFileReference; lastKnownFileType = folder.assetcatalog; path = Assets.xcassets; sourceTree = "<group>"; };
		A20000000000000000000017 /* UsageAccessManager.swift */ = {isa = PBXFileReference; lastKnownFileType = sourcecode.swift; path = UsageAccessManager.swift; sourceTree = "<group>"; };
		A20000000000000000000018 /* MonitorTheme.swift */ = {isa = PBXFileReference; lastKnownFileType = sourcecode.swift; path = MonitorTheme.swift; sourceTree = "<group>"; };
		A20000000000000000000019 /* MonitorChrome.swift */ = {isa = PBXFileReference; lastKnownFileType = sourcecode.swift; path = MonitorChrome.swift; sourceTree = "<group>"; };
		A20000000000000000000020 /* StoreLinks.swift */ = {isa = PBXFileReference; lastKnownFileType = sourcecode.swift; path = StoreLinks.swift; sourceTree = "<group>"; };
		A20000000000000000000021 /* PrivacyInfo.xcprivacy */ = {isa = PBXFileReference; lastKnownFileType = text.plist.xml; path = PrivacyInfo.xcprivacy; sourceTree = "<group>"; };
		A20000000000000000000022 /* MonetizationConfig.swift */ = {isa = PBXFileReference; lastKnownFileType = sourcecode.swift; path = MonetizationConfig.swift; sourceTree = "<group>"; };
		A20000000000000000000023 /* StorePurchaseManager.swift */ = {isa = PBXFileReference; lastKnownFileType = sourcecode.swift; path = StorePurchaseManager.swift; sourceTree = "<group>"; };
		A20000000000000000000024 /* AdRewardController.swift */ = {isa = PBXFileReference; lastKnownFileType = sourcecode.swift; path = AdRewardController.swift; sourceTree = "<group>"; };
		A20000000000000000000025 /* BannerAdView.swift */ = {isa = PBXFileReference; lastKnownFileType = sourcecode.swift; path = BannerAdView.swift; sourceTree = "<group>"; };
		A20000000000000000000026 /* Products.storekit */ = {isa = PBXFileReference; lastKnownFileType = text; name = Products.storekit; path = Packaging/Products.storekit; sourceTree = "<group>"; };
/* End PBXFileReference section */

/* Begin PBXFrameworksBuildPhase section */
		A30000000000000000000001 /* Frameworks */ = {
			isa = PBXFrameworksBuildPhase;
			buildActionMask = 2147483647;
			files = (
				A10000000000000000000022 /* GoogleMobileAds in Frameworks */,
			);
			runOnlyForDeploymentPostprocessing = 0;
		};
		A30000000000000000000002 /* Frameworks */ = {
			isa = PBXFrameworksBuildPhase;
			buildActionMask = 2147483647;
			files = (
			);
			runOnlyForDeploymentPostprocessing = 0;
		};
/* End PBXFrameworksBuildPhase section */

/* Begin PBXGroup section */
		A40000000000000000000001 = {
			isa = PBXGroup;
			children = (
				A40000000000000000000002 /* Sources/iPadMirrorPad */,
				A40000000000000000000004 /* Sources/iPadMirrorBroadcastExtension */,
				A40000000000000000000005 /* Sources/iPadMirrorShared */,
				A20000000000000000000026 /* Products.storekit */,
				A40000000000000000000003 /* Products */,
			);
			sourceTree = "<group>";
		};
		A40000000000000000000002 /* Sources/iPadMirrorPad */ = {
			isa = PBXGroup;
			children = (
				A20000000000000000000001 /* iPadMirrorPadApp.swift */,
				A20000000000000000000002 /* ContentView.swift */,
				A20000000000000000000003 /* BonjourAdvertiser.swift */,
				A20000000000000000000004 /* FrameSender.swift */,
				A20000000000000000000007 /* BroadcastPickerButton.swift */,
				A20000000000000000000012 /* BroadcastControllerModel.swift */,
				A20000000000000000000024 /* AdRewardController.swift */,
				A20000000000000000000025 /* BannerAdView.swift */,
				A20000000000000000000016 /* Assets.xcassets */,
				A20000000000000000000021 /* PrivacyInfo.xcprivacy */,
				A20000000000000000000005 /* Info.plist */,
				A20000000000000000000014 /* iPadMirrorPad.entitlements */,
			);
			path = Sources/iPadMirrorPad;
			sourceTree = "<group>";
		};
		A40000000000000000000004 /* Sources/iPadMirrorBroadcastExtension */ = {
			isa = PBXGroup;
			children = (
				A20000000000000000000008 /* SampleHandler.swift */,
				A20000000000000000000009 /* BroadcastFrameServer.swift */,
				A20000000000000000000011 /* Info.plist */,
				A20000000000000000000015 /* iPadMirrorBroadcastExtension.entitlements */,
			);
			path = Sources/iPadMirrorBroadcastExtension;
			sourceTree = "<group>";
		};
		A40000000000000000000005 /* Sources/iPadMirrorShared */ = {
			isa = PBXGroup;
			children = (
				A20000000000000000000013 /* BroadcastSharedSettings.swift */,
				A20000000000000000000017 /* UsageAccessManager.swift */,
				A20000000000000000000018 /* MonitorTheme.swift */,
				A20000000000000000000019 /* MonitorChrome.swift */,
				A20000000000000000000020 /* StoreLinks.swift */,
				A20000000000000000000022 /* MonetizationConfig.swift */,
				A20000000000000000000023 /* StorePurchaseManager.swift */,
			);
			path = Sources/iPadMirrorShared;
			sourceTree = "<group>";
		};
		A40000000000000000000003 /* Products */ = {
			isa = PBXGroup;
			children = (
				A20000000000000000000006 /* iPadMirrorPad.app */,
				A20000000000000000000010 /* iPadMirrorBroadcastExtension.appex */,
			);
			name = Products;
			sourceTree = "<group>";
		};
/* End PBXGroup section */

/* Begin PBXContainerItemProxy section */
		A52000000000000000000001 /* PBXContainerItemProxy */ = {
			isa = PBXContainerItemProxy;
			containerPortal = A70000000000000000000001 /* Project object */;
			proxyType = 1;
			remoteGlobalIDString = A50000000000000000000002;
			remoteInfo = iPadMirrorBroadcastExtension;
		};
/* End PBXContainerItemProxy section */

/* Begin PBXNativeTarget section */
		A50000000000000000000001 /* iPadMirrorPad */ = {
			isa = PBXNativeTarget;
			buildConfigurationList = A80000000000000000000002 /* Build configuration list for PBXNativeTarget "iPadMirrorPad" */;
			buildPhases = (
				A60000000000000000000001 /* Sources */,
				A30000000000000000000001 /* Frameworks */,
				A60000000000000000000002 /* Resources */,
				A60000000000000000000003 /* Embed App Extensions */,
			);
			buildRules = (
			);
			dependencies = (
				A51000000000000000000001 /* PBXTargetDependency */,
			);
			name = iPadMirrorPad;
			packageProductDependencies = (
				B20000000000000000000001 /* GoogleMobileAds */,
			);
			productName = iPadMirrorPad;
			productReference = A20000000000000000000006 /* iPadMirrorPad.app */;
			productType = "com.apple.product-type.application";
		};
		A50000000000000000000002 /* iPadMirrorBroadcastExtension */ = {
			isa = PBXNativeTarget;
			buildConfigurationList = A80000000000000000000003 /* Build configuration list for PBXNativeTarget "iPadMirrorBroadcastExtension" */;
			buildPhases = (
				A60000000000000000000004 /* Sources */,
				A30000000000000000000002 /* Frameworks */,
				A60000000000000000000005 /* Resources */,
			);
			buildRules = (
			);
			dependencies = (
			);
			name = iPadMirrorBroadcastExtension;
			productName = iPadMirrorBroadcastExtension;
			productReference = A20000000000000000000010 /* iPadMirrorBroadcastExtension.appex */;
			productType = "com.apple.product-type.app-extension";
		};
/* End PBXNativeTarget section */

/* Begin PBXProject section */
		A70000000000000000000001 /* Project object */ = {
			isa = PBXProject;
			attributes = {
				BuildIndependentTargetsInParallel = 1;
				LastSwiftUpdateCheck = 1600;
				LastUpgradeCheck = 1600;
				TargetAttributes = {
					A50000000000000000000001 = {
						CreatedOnToolsVersion = 16.0;
					};
				A50000000000000000000002 = {
						CreatedOnToolsVersion = 16.0;
					};
				};
			};
			buildConfigurationList = A80000000000000000000001 /* Build configuration list for PBXProject "iPadMirrorPad" */;
			compatibilityVersion = "Xcode 14.0";
			developmentRegion = en;
			hasScannedForEncodings = 0;
			knownRegions = (
				en,
				ko,
				Base,
			);
			mainGroup = A40000000000000000000001;
			packageReferences = (
				B10000000000000000000001 /* XCRemoteSwiftPackageReference "swift-package-manager-google-mobile-ads" */,
			);
			productRefGroup = A40000000000000000000003 /* Products */;
			projectDirPath = "";
			projectRoot = "";
			targets = (
				A50000000000000000000001 /* iPadMirrorPad */,
				A50000000000000000000002 /* iPadMirrorBroadcastExtension */,
			);
		};
/* End PBXProject section */

/* Begin PBXCopyFilesBuildPhase section */
		A60000000000000000000003 /* Embed App Extensions */ = {
			isa = PBXCopyFilesBuildPhase;
			buildActionMask = 2147483647;
			dstPath = "";
			dstSubfolderSpec = 13;
			files = (
				A10000000000000000000008 /* iPadMirrorBroadcastExtension.appex in Embed App Extensions */,
			);
			name = "Embed App Extensions";
			runOnlyForDeploymentPostprocessing = 0;
		};
/* End PBXCopyFilesBuildPhase section */

/* Begin PBXResourcesBuildPhase section */
		A60000000000000000000002 /* Resources */ = {
			isa = PBXResourcesBuildPhase;
			buildActionMask = 2147483647;
			files = (
				A10000000000000000000012 /* Assets.xcassets in Resources */,
				A10000000000000000000017 /* PrivacyInfo.xcprivacy in Resources */,
				A10000000000000000000023 /* Products.storekit in Resources */,
			);
			runOnlyForDeploymentPostprocessing = 0;
		};
		A60000000000000000000005 /* Resources */ = {
			isa = PBXResourcesBuildPhase;
			buildActionMask = 2147483647;
			files = (
			);
			runOnlyForDeploymentPostprocessing = 0;
		};
/* End PBXResourcesBuildPhase section */

/* Begin PBXSourcesBuildPhase section */
		A60000000000000000000001 /* Sources */ = {
			isa = PBXSourcesBuildPhase;
			buildActionMask = 2147483647;
			files = (
				A10000000000000000000001 /* iPadMirrorPadApp.swift in Sources */,
				A10000000000000000000002 /* ContentView.swift in Sources */,
				A10000000000000000000003 /* BonjourAdvertiser.swift in Sources */,
				A10000000000000000000004 /* FrameSender.swift in Sources */,
				A10000000000000000000005 /* BroadcastPickerButton.swift in Sources */,
				A10000000000000000000009 /* BroadcastControllerModel.swift in Sources */,
				A10000000000000000000010 /* BroadcastSharedSettings.swift in Sources */,
				A10000000000000000000013 /* UsageAccessManager.swift in Sources */,
				A10000000000000000000014 /* MonitorTheme.swift in Sources */,
				A10000000000000000000015 /* MonitorChrome.swift in Sources */,
				A10000000000000000000016 /* StoreLinks.swift in Sources */,
				A10000000000000000000018 /* MonetizationConfig.swift in Sources */,
				A10000000000000000000019 /* StorePurchaseManager.swift in Sources */,
				A10000000000000000000020 /* AdRewardController.swift in Sources */,
				A10000000000000000000021 /* BannerAdView.swift in Sources */,
			);
			runOnlyForDeploymentPostprocessing = 0;
		};
		A60000000000000000000004 /* Sources */ = {
			isa = PBXSourcesBuildPhase;
			buildActionMask = 2147483647;
			files = (
				A10000000000000000000006 /* SampleHandler.swift in Sources */,
				A10000000000000000000007 /* BroadcastFrameServer.swift in Sources */,
				A10000000000000000000011 /* BroadcastSharedSettings.swift in Sources */,
			);
			runOnlyForDeploymentPostprocessing = 0;
		};
/* End PBXSourcesBuildPhase section */

/* Begin PBXTargetDependency section */
		A51000000000000000000001 /* PBXTargetDependency */ = {
			isa = PBXTargetDependency;
			target = A50000000000000000000002 /* iPadMirrorBroadcastExtension */;
			targetProxy = A52000000000000000000001 /* PBXContainerItemProxy */;
		};
/* End PBXTargetDependency section */

/* Begin XCBuildConfiguration section */
		A90000000000000000000001 /* Debug */ = {
			isa = XCBuildConfiguration;
			buildSettings = {
				ALWAYS_SEARCH_USER_PATHS = NO;
				APP_BUNDLE_IDENTIFIER = dev.local.iPadMirrorPad;
				APP_GROUP_IDENTIFIER = "group.$(APP_BUNDLE_IDENTIFIER)";
				CLANG_ANALYZER_NONNULL = YES;
				CLANG_ANALYZER_NUMBER_OBJECT_CONVERSION = YES_AGGRESSIVE;
				CLANG_CXX_LANGUAGE_STANDARD = "gnu++20";
				CLANG_ENABLE_MODULES = YES;
				CLANG_ENABLE_OBJC_ARC = YES;
				CLANG_ENABLE_OBJC_WEAK = YES;
				CLANG_WARN_BLOCK_CAPTURE_AUTORELEASING = YES;
				CLANG_WARN_BOOL_CONVERSION = YES;
				CLANG_WARN_COMMA = YES;
				CLANG_WARN_CONSTANT_CONVERSION = YES;
				CLANG_WARN_DEPRECATED_OBJC_IMPLEMENTATIONS = YES;
				CLANG_WARN_DIRECT_OBJC_ISA_USAGE = YES_ERROR;
				CLANG_WARN_DOCUMENTATION_COMMENTS = YES;
				CLANG_WARN_EMPTY_BODY = YES;
				CLANG_WARN_ENUM_CONVERSION = YES;
				CLANG_WARN_INFINITE_RECURSION = YES;
				CLANG_WARN_INT_CONVERSION = YES;
				CLANG_WARN_NON_LITERAL_NULL_CONVERSION = YES;
				CLANG_WARN_OBJC_IMPLICIT_RETAIN_SELF = YES;
				CLANG_WARN_OBJC_LITERAL_CONVERSION = YES;
				CLANG_WARN_OBJC_ROOT_CLASS = YES_ERROR;
				CLANG_WARN_QUOTED_INCLUDE_IN_FRAMEWORK_HEADER = YES;
				CLANG_WARN_RANGE_LOOP_ANALYSIS = YES;
				CLANG_WARN_STRICT_PROTOTYPES = YES;
				CLANG_WARN_SUSPICIOUS_MOVE = YES;
				CLANG_WARN_UNGUARDED_AVAILABILITY = YES_AGGRESSIVE;
				CLANG_WARN_UNREACHABLE_CODE = YES;
				CLANG_WARN__DUPLICATE_METHOD_MATCH = YES;
				COPY_PHASE_STRIP = NO;
				DEBUG_INFORMATION_FORMAT = dwarf;
				ENABLE_STRICT_OBJC_MSGSEND = YES;
				ENABLE_TESTABILITY = YES;
				GCC_C_LANGUAGE_STANDARD = gnu17;
				GCC_DYNAMIC_NO_PIC = NO;
				GCC_NO_COMMON_BLOCKS = YES;
				GCC_OPTIMIZATION_LEVEL = 0;
				GCC_PREPROCESSOR_DEFINITIONS = (
					"DEBUG=1",
					"$(inherited)",
				);
				GCC_WARN_64_TO_32_BIT_CONVERSION = YES;
				GCC_WARN_ABOUT_RETURN_TYPE = YES_ERROR;
				GCC_WARN_UNDECLARED_SELECTOR = YES;
				GCC_WARN_UNINITIALIZED_AUTOS = YES_AGGRESSIVE;
				GCC_WARN_UNUSED_FUNCTION = YES;
				GCC_WARN_UNUSED_VARIABLE = YES;
				IPHONEOS_DEPLOYMENT_TARGET = 17.0;
				MTL_ENABLE_DEBUG_INFO = INCLUDE_SOURCE;
				MTL_FAST_MATH = YES;
				ONLY_ACTIVE_ARCH = YES;
				SDKROOT = iphoneos;
				SUPPORTED_PLATFORMS = "iphoneos iphonesimulator";
				SWIFT_ACTIVE_COMPILATION_CONDITIONS = DEBUG;
				SWIFT_OPTIMIZATION_LEVEL = "-Onone";
				SWIFT_VERSION = 5.0;
			};
			name = Debug;
		};
		A90000000000000000000002 /* Release */ = {
			isa = XCBuildConfiguration;
			buildSettings = {
				ALWAYS_SEARCH_USER_PATHS = NO;
				APP_BUNDLE_IDENTIFIER = dev.local.iPadMirrorPad;
				APP_GROUP_IDENTIFIER = "group.$(APP_BUNDLE_IDENTIFIER)";
				CLANG_ANALYZER_NONNULL = YES;
				CLANG_ANALYZER_NUMBER_OBJECT_CONVERSION = YES_AGGRESSIVE;
				CLANG_CXX_LANGUAGE_STANDARD = "gnu++20";
				CLANG_ENABLE_MODULES = YES;
				CLANG_ENABLE_OBJC_ARC = YES;
				CLANG_ENABLE_OBJC_WEAK = YES;
				CLANG_WARN_BLOCK_CAPTURE_AUTORELEASING = YES;
				CLANG_WARN_BOOL_CONVERSION = YES;
				CLANG_WARN_COMMA = YES;
				CLANG_WARN_CONSTANT_CONVERSION = YES;
				CLANG_WARN_DEPRECATED_OBJC_IMPLEMENTATIONS = YES;
				CLANG_WARN_DIRECT_OBJC_ISA_USAGE = YES_ERROR;
				CLANG_WARN_DOCUMENTATION_COMMENTS = YES;
				CLANG_WARN_EMPTY_BODY = YES;
				CLANG_WARN_ENUM_CONVERSION = YES;
				CLANG_WARN_INFINITE_RECURSION = YES;
				CLANG_WARN_INT_CONVERSION = YES;
				CLANG_WARN_NON_LITERAL_NULL_CONVERSION = YES;
				CLANG_WARN_OBJC_IMPLICIT_RETAIN_SELF = YES;
				CLANG_WARN_OBJC_LITERAL_CONVERSION = YES;
				CLANG_WARN_OBJC_ROOT_CLASS = YES_ERROR;
				CLANG_WARN_QUOTED_INCLUDE_IN_FRAMEWORK_HEADER = YES;
				CLANG_WARN_RANGE_LOOP_ANALYSIS = YES;
				CLANG_WARN_STRICT_PROTOTYPES = YES;
				CLANG_WARN_SUSPICIOUS_MOVE = YES;
				CLANG_WARN_UNGUARDED_AVAILABILITY = YES_AGGRESSIVE;
				CLANG_WARN_UNREACHABLE_CODE = YES;
				CLANG_WARN__DUPLICATE_METHOD_MATCH = YES;
				COPY_PHASE_STRIP = NO;
				DEBUG_INFORMATION_FORMAT = "dwarf-with-dsym";
				ENABLE_NS_ASSERTIONS = NO;
				ENABLE_STRICT_OBJC_MSGSEND = YES;
				GCC_C_LANGUAGE_STANDARD = gnu17;
				GCC_NO_COMMON_BLOCKS = YES;
				GCC_WARN_64_TO_32_BIT_CONVERSION = YES;
				GCC_WARN_ABOUT_RETURN_TYPE = YES_ERROR;
				GCC_WARN_UNDECLARED_SELECTOR = YES;
				GCC_WARN_UNINITIALIZED_AUTOS = YES_AGGRESSIVE;
				GCC_WARN_UNUSED_FUNCTION = YES;
				GCC_WARN_UNUSED_VARIABLE = YES;
				IPHONEOS_DEPLOYMENT_TARGET = 17.0;
				MTL_ENABLE_DEBUG_INFO = NO;
				MTL_FAST_MATH = YES;
				SDKROOT = iphoneos;
				SUPPORTED_PLATFORMS = "iphoneos iphonesimulator";
				SWIFT_COMPILATION_MODE = wholemodule;
				SWIFT_OPTIMIZATION_LEVEL = "-O";
				SWIFT_VERSION = 5.0;
				VALIDATE_PRODUCT = YES;
			};
			name = Release;
		};
		A90000000000000000000003 /* Debug */ = {
			isa = XCBuildConfiguration;
			buildSettings = {
				CODE_SIGN_ENTITLEMENTS = Sources/iPadMirrorPad/iPadMirrorPad.entitlements;
				CODE_SIGN_STYLE = Automatic;
				OTHER_LDFLAGS = "-ObjC";
				CURRENT_PROJECT_VERSION = 1;
				DEVELOPMENT_TEAM = G2ZT4J7W93;
				GENERATE_INFOPLIST_FILE = NO;
				ASSETCATALOG_COMPILER_APPICON_NAME = AppIcon;
				INFOPLIST_FILE = Sources/iPadMirrorPad/Info.plist;
				LD_RUNPATH_SEARCH_PATHS = (
					"$(inherited)",
					"@executable_path/Frameworks",
				);
				MARKETING_VERSION = 1.0;
				PRODUCT_BUNDLE_IDENTIFIER = "$(APP_BUNDLE_IDENTIFIER)";
				PRODUCT_NAME = "$(TARGET_NAME)";
				SUPPORTED_DEVICE_FAMILIES = "1,2";
				SWIFT_EMIT_LOC_STRINGS = YES;
				SWIFT_VERSION = 5.0;
				TARGETED_DEVICE_FAMILY = "1,2";
			};
			name = Debug;
		};
		A90000000000000000000004 /* Release */ = {
			isa = XCBuildConfiguration;
			buildSettings = {
				CODE_SIGN_ENTITLEMENTS = Sources/iPadMirrorPad/iPadMirrorPad.entitlements;
				CODE_SIGN_STYLE = Automatic;
				OTHER_LDFLAGS = "-ObjC";
				CURRENT_PROJECT_VERSION = 1;
				DEVELOPMENT_TEAM = G2ZT4J7W93;
				GENERATE_INFOPLIST_FILE = NO;
				ASSETCATALOG_COMPILER_APPICON_NAME = AppIcon;
				INFOPLIST_FILE = Sources/iPadMirrorPad/Info.plist;
				LD_RUNPATH_SEARCH_PATHS = (
					"$(inherited)",
					"@executable_path/Frameworks",
				);
				MARKETING_VERSION = 1.0;
				PRODUCT_BUNDLE_IDENTIFIER = "$(APP_BUNDLE_IDENTIFIER)";
				PRODUCT_NAME = "$(TARGET_NAME)";
				SUPPORTED_DEVICE_FAMILIES = "1,2";
				SWIFT_EMIT_LOC_STRINGS = YES;
				SWIFT_VERSION = 5.0;
				TARGETED_DEVICE_FAMILY = "1,2";
			};
			name = Release;
		};
		A90000000000000000000005 /* Debug */ = {
			isa = XCBuildConfiguration;
			buildSettings = {
				APPLICATION_EXTENSION_API_ONLY = YES;
				CODE_SIGN_ENTITLEMENTS = Sources/iPadMirrorBroadcastExtension/iPadMirrorBroadcastExtension.entitlements;
				CODE_SIGN_STYLE = Automatic;
				CURRENT_PROJECT_VERSION = 1;
				DEVELOPMENT_TEAM = G2ZT4J7W93;
				GENERATE_INFOPLIST_FILE = NO;
				INFOPLIST_FILE = Sources/iPadMirrorBroadcastExtension/Info.plist;
				IPHONEOS_DEPLOYMENT_TARGET = 17.0;
				LD_RUNPATH_SEARCH_PATHS = (
					"$(inherited)",
					"@executable_path/Frameworks",
					"@executable_path/../../Frameworks",
				);
				MARKETING_VERSION = 1.0;
				PRODUCT_BUNDLE_IDENTIFIER = "$(APP_BUNDLE_IDENTIFIER).BroadcastExtension";
				PRODUCT_NAME = "$(TARGET_NAME)";
				SKIP_INSTALL = YES;
				SWIFT_EMIT_LOC_STRINGS = YES;
				SWIFT_VERSION = 5.0;
				TARGETED_DEVICE_FAMILY = "1,2";
			};
			name = Debug;
		};
		A90000000000000000000006 /* Release */ = {
			isa = XCBuildConfiguration;
			buildSettings = {
				APPLICATION_EXTENSION_API_ONLY = YES;
				CODE_SIGN_ENTITLEMENTS = Sources/iPadMirrorBroadcastExtension/iPadMirrorBroadcastExtension.entitlements;
				CODE_SIGN_STYLE = Automatic;
				CURRENT_PROJECT_VERSION = 1;
				DEVELOPMENT_TEAM = G2ZT4J7W93;
				GENERATE_INFOPLIST_FILE = NO;
				INFOPLIST_FILE = Sources/iPadMirrorBroadcastExtension/Info.plist;
				IPHONEOS_DEPLOYMENT_TARGET = 17.0;
				LD_RUNPATH_SEARCH_PATHS = (
					"$(inherited)",
					"@executable_path/Frameworks",
					"@executable_path/../../Frameworks",
				);
				MARKETING_VERSION = 1.0;
				PRODUCT_BUNDLE_IDENTIFIER = "$(APP_BUNDLE_IDENTIFIER).BroadcastExtension";
				PRODUCT_NAME = "$(TARGET_NAME)";
				SKIP_INSTALL = YES;
				SWIFT_EMIT_LOC_STRINGS = YES;
				SWIFT_VERSION = 5.0;
				TARGETED_DEVICE_FAMILY = "1,2";
			};
			name = Release;
		};
/* End XCBuildConfiguration section */

/* Begin XCConfigurationList section */
		A80000000000000000000001 /* Build configuration list for PBXProject "iPadMirrorPad" */ = {
			isa = XCConfigurationList;
			buildConfigurations = (
				A90000000000000000000001 /* Debug */,
				A90000000000000000000002 /* Release */,
			);
			defaultConfigurationIsVisible = 0;
			defaultConfigurationName = Release;
		};
		A80000000000000000000002 /* Build configuration list for PBXNativeTarget "iPadMirrorPad" */ = {
			isa = XCConfigurationList;
			buildConfigurations = (
				A90000000000000000000003 /* Debug */,
				A90000000000000000000004 /* Release */,
			);
			defaultConfigurationIsVisible = 0;
			defaultConfigurationName = Release;
		};
		A80000000000000000000003 /* Build configuration list for PBXNativeTarget "iPadMirrorBroadcastExtension" */ = {
			isa = XCConfigurationList;
			buildConfigurations = (
				A90000000000000000000005 /* Debug */,
				A90000000000000000000006 /* Release */,
			);
			defaultConfigurationIsVisible = 0;
			defaultConfigurationName = Release;
		};
/* End XCConfigurationList section */

/* Begin XCRemoteSwiftPackageReference section */
		B10000000000000000000001 /* XCRemoteSwiftPackageReference "swift-package-manager-google-mobile-ads" */ = {
			isa = XCRemoteSwiftPackageReference;
			repositoryURL = "https://github.com/googleads/swift-package-manager-google-mobile-ads.git";
			requirement = {
				kind = upToNextMajorVersion;
				minimumVersion = 12.0.0;
			};
		};
/* End XCRemoteSwiftPackageReference section */

/* Begin XCSwiftPackageProductDependency section */
		B20000000000000000000001 /* GoogleMobileAds */ = {
			isa = XCSwiftPackageProductDependency;
			package = B10000000000000000000001 /* XCRemoteSwiftPackageReference "swift-package-manager-google-mobile-ads" */;
			productName = GoogleMobileAds;
		};
/* End XCSwiftPackageProductDependency section */
	};
	rootObject = A70000000000000000000001 /* Project object */;
}
